{
  "object": {
    "pins": [
      {
        "package": "Rasterizer",
        "repositoryURL": "https://github.com/SchildersChris/rasterizer.git",
        "state": {
          "branch": null,
          "revision": "9a969e28899e1e9934e7174fa9cd9e88e658578e",
          "version": "1.0.1"
        }
      }
    ]
  },
  "version": 1
}
