{
  "object": {
    "pins": [
      {
        "package": "Rasterizer",
        "repositoryURL": "https://github.com/SchildersChris/rasterizer.git",
        "state": {
          "branch": null,
          "revision": "ee5b0a3ada77ebfecbf1294635c7148685d8749b",
          "version": "2.0.0"
        }
      }
    ]
  },
  "version": 1
}
