{
  "object": {
    "pins": [
      {
        "package": "Rasterizer",
        "repositoryURL": "https://github.com/SchildersChris/rasterizer.git",
        "state": {
          "branch": null,
          "revision": "ac23387ff8194ee0067d0a698d7cfcbbc56d7c40",
          "version": "1.0.2"
        }
      }
    ]
  },
  "version": 1
}
